// !$*UTF8*$!
{
	archiveVersion = 1;
	classes = {
	};
	objectVersion = 51;
	objects = {

/* Begin PBXBuildFile section */
		6E398BCFF6F296ED36D76482 /* Pods_DeviceInfo.framework in Frameworks */ = {isa = PBXBuildFile; fileRef = BCDCD9138CDD2CCB9BBEAF36 /* Pods_DeviceInfo.framework */; };
		AD000B1423B5DB84000FDD5B /* AppDelegate.m in Sources */ = {isa = PBXBuildFile; fileRef = AD000B1323B5DB84000FDD5B /* AppDelegate.m */; };
		AD000B1D23B5DB84000FDD5B /* Main.storyboard in Resources */ = {isa = PBXBuildFile; fileRef = AD000B1B23B5DB84000FDD5B /* Main.storyboard */; };
		AD000B1F23B5DB86000FDD5B /* Assets.xcassets in Resources */ = {isa = PBXBuildFile; fileRef = AD000B1E23B5DB86000FDD5B /* Assets.xcassets */; };
		AD000B2223B5DB86000FDD5B /* LaunchScreen.storyboard in Resources */ = {isa = PBXBuildFile; fileRef = AD000B2023B5DB86000FDD5B /* LaunchScreen.storyboard */; };
		AD000B2523B5DB86000FDD5B /* main.m in Sources */ = {isa = PBXBuildFile; fileRef = AD000B2423B5DB86000FDD5B /* main.m */; };
		AD61E9D624345FC200FB3D36 /* BaseWebViewController.m in Sources */ = {isa = PBXBuildFile; fileRef = AD61E99124345FC200FB3D36 /* BaseWebViewController.m */; };
		AD61E9D724345FC200FB3D36 /* BaseTableViewController.m in Sources */ = {isa = PBXBuildFile; fileRef = AD61E99224345FC200FB3D36 /* BaseTableViewController.m */; };
		AD61E9D824345FC200FB3D36 /* BaseViewController.m in Sources */ = {isa = PBXBuildFile; fileRef = AD61E99324345FC200FB3D36 /* BaseViewController.m */; };
		AD61E9D924345FC200FB3D36 /* BaseNavigationController.m in Sources */ = {isa = PBXBuildFile; fileRef = AD61E99424345FC200FB3D36 /* BaseNavigationController.m */; };
		AD61E9DA24345FC200FB3D36 /* PreviewManager.m in Sources */ = {isa = PBXBuildFile; fileRef = AD61E99E24345FC200FB3D36 /* PreviewManager.m */; };
		AD61E9DB24345FC200FB3D36 /* SystemManager.m in Sources */ = {isa = PBXBuildFile; fileRef = AD61E99F24345FC200FB3D36 /* SystemManager.m */; };
		AD61E9DC24345FC200FB3D36 /* HUD.m in Sources */ = {isa = PBXBuildFile; fileRef = AD61E9A024345FC200FB3D36 /* HUD.m */; };
		AD61E9DE24345FC200FB3D36 /* CacheManager.m in Sources */ = {isa = PBXBuildFile; fileRef = AD61E9A224345FC200FB3D36 /* CacheManager.m */; };
		AD61E9ED24345FC200FB3D36 /* UIView+Utils.m in Sources */ = {isa = PBXBuildFile; fileRef = AD61E9C224345FC200FB3D36 /* UIView+Utils.m */; };
		AD61E9EE24345FC200FB3D36 /* NSObject+Utils.m in Sources */ = {isa = PBXBuildFile; fileRef = AD61E9C424345FC200FB3D36 /* NSObject+Utils.m */; };
		AD61E9EF24345FC200FB3D36 /* UIColor+Utils.m in Sources */ = {isa = PBXBuildFile; fileRef = AD61E9C724345FC200FB3D36 /* UIColor+Utils.m */; };
		AD61E9F024345FC200FB3D36 /* UILabel+Utils.m in Sources */ = {isa = PBXBuildFile; fileRef = AD61E9C924345FC200FB3D36 /* UILabel+Utils.m */; };
		AD61E9F124345FC200FB3D36 /* UIViewController+Utils.m in Sources */ = {isa = PBXBuildFile; fileRef = AD61E9CD24345FC200FB3D36 /* UIViewController+Utils.m */; };
		AD61E9F224345FC200FB3D36 /* UIImage+Utils.m in Sources */ = {isa = PBXBuildFile; fileRef = AD61E9CE24345FC200FB3D36 /* UIImage+Utils.m */; };
		AD61E9F324345FC200FB3D36 /* NSString+Utils.m in Sources */ = {isa = PBXBuildFile; fileRef = AD61E9CF24345FC200FB3D36 /* NSString+Utils.m */; };
		AD61E9F424345FC200FB3D36 /* NSDate+Utils.m in Sources */ = {isa = PBXBuildFile; fileRef = AD61E9D224345FC200FB3D36 /* NSDate+Utils.m */; };
		AD61E9F524345FC200FB3D36 /* UIImage+Resize.m in Sources */ = {isa = PBXBuildFile; fileRef = AD61E9D424345FC200FB3D36 /* UIImage+Resize.m */; };
		AD61E9F624345FC200FB3D36 /* NSData+AES128.m in Sources */ = {isa = PBXBuildFile; fileRef = AD61E9D524345FC200FB3D36 /* NSData+AES128.m */; };
		AD61EA07243460B700FB3D36 /* RouterHandler.m in Sources */ = {isa = PBXBuildFile; fileRef = AD61E9FE243460B700FB3D36 /* RouterHandler.m */; };
		AD61EA09243460B700FB3D36 /* WebRouter.m in Sources */ = {isa = PBXBuildFile; fileRef = AD61EA03243460B700FB3D36 /* WebRouter.m */; };
		AD61EA232434625000FB3D36 /* ToastView.m in Sources */ = {isa = PBXBuildFile; fileRef = AD61EA0D2434624E00FB3D36 /* ToastView.m */; };
		AD61EA242434625000FB3D36 /* ConfirmView.m in Sources */ = {isa = PBXBuildFile; fileRef = AD61EA112434624E00FB3D36 /* ConfirmView.m */; };
		AD61EA252434625000FB3D36 /* ComboxPickerView.m in Sources */ = {isa = PBXBuildFile; fileRef = AD61EA122434624F00FB3D36 /* ComboxPickerView.m */; };
		AD61EA262434625000FB3D36 /* DottedLineView.m in Sources */ = {isa = PBXBuildFile; fileRef = AD61EA132434624F00FB3D36 /* DottedLineView.m */; };
		AD61EA272434625000FB3D36 /* PlaceholderTextView.m in Sources */ = {isa = PBXBuildFile; fileRef = AD61EA142434624F00FB3D36 /* PlaceholderTextView.m */; };
		AD61EA282434625000FB3D36 /* LineTitleView.m in Sources */ = {isa = PBXBuildFile; fileRef = AD61EA152434624F00FB3D36 /* LineTitleView.m */; };
		AD61EA2A2434625000FB3D36 /* BaseView.m in Sources */ = {isa = PBXBuildFile; fileRef = AD61EA182434624F00FB3D36 /* BaseView.m */; };
		AD61EA2B2434625000FB3D36 /* BaseTableView.m in Sources */ = {isa = PBXBuildFile; fileRef = AD61EA1C2434624F00FB3D36 /* BaseTableView.m */; };
		AD61EA2E2434625000FB3D36 /* VerticalButton.m in Sources */ = {isa = PBXBuildFile; fileRef = AD61EA202434625000FB3D36 /* VerticalButton.m */; };
		AD61EA3224346B5C00FB3D36 /* HomeViewController.m in Sources */ = {isa = PBXBuildFile; fileRef = AD61EA3124346B5C00FB3D36 /* HomeViewController.m */; };
		AD61EA3524346B8800FB3D36 /* HomeLayout.m in Sources */ = {isa = PBXBuildFile; fileRef = AD61EA3424346B8800FB3D36 /* HomeLayout.m */; };
		AD61EA3B24346C4A00FB3D36 /* DeviceManger.m in Sources */ = {isa = PBXBuildFile; fileRef = AD61EA3924346C4A00FB3D36 /* DeviceManger.m */; };
		AD61EA3E24346C6700FB3D36 /* DeviceInfo.m in Sources */ = {isa = PBXBuildFile; fileRef = AD61EA3C24346C6600FB3D36 /* DeviceInfo.m */; };
		AD61EA4124347E6700FB3D36 /* AutoCheckViewController.m in Sources */ = {isa = PBXBuildFile; fileRef = AD61EA4024347E6700FB3D36 /* AutoCheckViewController.m */; };
		AD61EA4424347ED400FB3D36 /* AutoCheckLayout.m in Sources */ = {isa = PBXBuildFile; fileRef = AD61EA4324347ED400FB3D36 /* AutoCheckLayout.m */; };
		AD61EA47243481B100FB3D36 /* AutoCheckModel.m in Sources */ = {isa = PBXBuildFile; fileRef = AD61EA46243481B100FB3D36 /* AutoCheckModel.m */; };
		AD61EA4A24348A9200FB3D36 /* AutoCheckItemModel.m in Sources */ = {isa = PBXBuildFile; fileRef = AD61EA4924348A9200FB3D36 /* AutoCheckItemModel.m */; };
		AD61EA4D24348C5100FB3D36 /* AutoCheckItemViewCell.m in Sources */ = {isa = PBXBuildFile; fileRef = AD61EA4C24348C5100FB3D36 /* AutoCheckItemViewCell.m */; };
		AD61EA5024348CC700FB3D36 /* AutoCheckItemLayout.m in Sources */ = {isa = PBXBuildFile; fileRef = AD61EA4F24348CC700FB3D36 /* AutoCheckItemLayout.m */; };
/* End PBXBuildFile section */

/* Begin PBXFileReference section */
		AD000B0F23B5DB84000FDD5B /* DeviceInfo.app */ = {isa = PBXFileReference; explicitFileType = wrapper.application; includeInIndex = 0; path = DeviceInfo.app; sourceTree = BUILT_PRODUCTS_DIR; };
		AD000B1223B5DB84000FDD5B /* AppDelegate.h */ = {isa = PBXFileReference; lastKnownFileType = sourcecode.c.h; path = AppDelegate.h; sourceTree = "<group>"; };
		AD000B1323B5DB84000FDD5B /* AppDelegate.m */ = {isa = PBXFileReference; lastKnownFileType = sourcecode.c.objc; path = AppDelegate.m; sourceTree = "<group>"; };
		AD000B1C23B5DB84000FDD5B /* Base */ = {isa = PBXFileReference; lastKnownFileType = file.storyboard; name = Base; path = Base.lproj/Main.storyboard; sourceTree = "<group>"; };
		AD000B1E23B5DB86000FDD5B /* Assets.xcassets */ = {isa = PBXFileReference; lastKnownFileType = folder.assetcatalog; path = Assets.xcassets; sourceTree = "<group>"; };
		AD000B2123B5DB86000FDD5B /* Base */ = {isa = PBXFileReference; lastKnownFileType = file.storyboard; name = Base; path = Base.lproj/LaunchScreen.storyboard; sourceTree = "<group>"; };
		AD000B2323B5DB86000FDD5B /* Info.plist */ = {isa = PBXFileReference; lastKnownFileType = text.plist.xml; path = Info.plist; sourceTree = "<group>"; };
		AD000B2423B5DB86000FDD5B /* main.m */ = {isa = PBXFileReference; lastKnownFileType = sourcecode.c.objc; path = main.m; sourceTree = "<group>"; };
		AD61E9832434390B00FB3D36 /* PrefixHeader.pch */ = {isa = PBXFileReference; lastKnownFileType = sourcecode.c.h; path = PrefixHeader.pch; sourceTree = "<group>"; };
		AD61E99124345FC200FB3D36 /* BaseWebViewController.m */ = {isa = PBXFileReference; fileEncoding = 4; lastKnownFileType = sourcecode.c.objc; path = BaseWebViewController.m; sourceTree = "<group>"; };
		AD61E99224345FC200FB3D36 /* BaseTableViewController.m */ = {isa = PBXFileReference; fileEncoding = 4; lastKnownFileType = sourcecode.c.objc; path = BaseTableViewController.m; sourceTree = "<group>"; };
		AD61E99324345FC200FB3D36 /* BaseViewController.m */ = {isa = PBXFileReference; fileEncoding = 4; lastKnownFileType = sourcecode.c.objc; path = BaseViewController.m; sourceTree = "<group>"; };
		AD61E99424345FC200FB3D36 /* BaseNavigationController.m */ = {isa = PBXFileReference; fileEncoding = 4; lastKnownFileType = sourcecode.c.objc; path = BaseNavigationController.m; sourceTree = "<group>"; };
		AD61E99524345FC200FB3D36 /* BaseWebViewController.h */ = {isa = PBXFileReference; fileEncoding = 4; lastKnownFileType = sourcecode.c.h; path = BaseWebViewController.h; sourceTree = "<group>"; };
		AD61E99624345FC200FB3D36 /* BaseTableViewController.h */ = {isa = PBXFileReference; fileEncoding = 4; lastKnownFileType = sourcecode.c.h; path = BaseTableViewController.h; sourceTree = "<group>"; };
		AD61E99724345FC200FB3D36 /* BaseNavigationController.h */ = {isa = PBXFileReference; fileEncoding = 4; lastKnownFileType = sourcecode.c.h; path = BaseNavigationController.h; sourceTree = "<group>"; };
		AD61E99824345FC200FB3D36 /* BaseViewController.h */ = {isa = PBXFileReference; fileEncoding = 4; lastKnownFileType = sourcecode.c.h; path = BaseViewController.h; sourceTree = "<group>"; };
		AD61E99A24345FC200FB3D36 /* CacheManager.h */ = {isa = PBXFileReference; fileEncoding = 4; lastKnownFileType = sourcecode.c.h; path = CacheManager.h; sourceTree = "<group>"; };
		AD61E99C24345FC200FB3D36 /* HUD.h */ = {isa = PBXFileReference; fileEncoding = 4; lastKnownFileType = sourcecode.c.h; path = HUD.h; sourceTree = "<group>"; };
		AD61E99D24345FC200FB3D36 /* SystemManager.h */ = {isa = PBXFileReference; fileEncoding = 4; lastKnownFileType = sourcecode.c.h; path = SystemManager.h; sourceTree = "<group>"; };
		AD61E99E24345FC200FB3D36 /* PreviewManager.m */ = {isa = PBXFileReference; fileEncoding = 4; lastKnownFileType = sourcecode.c.objc; path = PreviewManager.m; sourceTree = "<group>"; };
		AD61E99F24345FC200FB3D36 /* SystemManager.m */ = {isa = PBXFileReference; fileEncoding = 4; lastKnownFileType = sourcecode.c.objc; path = SystemManager.m; sourceTree = "<group>"; };
		AD61E9A024345FC200FB3D36 /* HUD.m */ = {isa = PBXFileReference; fileEncoding = 4; lastKnownFileType = sourcecode.c.objc; path = HUD.m; sourceTree = "<group>"; };
		AD61E9A224345FC200FB3D36 /* CacheManager.m */ = {isa = PBXFileReference; fileEncoding = 4; lastKnownFileType = sourcecode.c.objc; path = CacheManager.m; sourceTree = "<group>"; };
		AD61E9A324345FC200FB3D36 /* PreviewManager.h */ = {isa = PBXFileReference; fileEncoding = 4; lastKnownFileType = sourcecode.c.h; path = PreviewManager.h; sourceTree = "<group>"; };
		AD61E9C224345FC200FB3D36 /* UIView+Utils.m */ = {isa = PBXFileReference; fileEncoding = 4; lastKnownFileType = sourcecode.c.objc; path = "UIView+Utils.m"; sourceTree = "<group>"; };
		AD61E9C324345FC200FB3D36 /* NSString+Utils.h */ = {isa = PBXFileReference; fileEncoding = 4; lastKnownFileType = sourcecode.c.h; path = "NSString+Utils.h"; sourceTree = "<group>"; };
		AD61E9C424345FC200FB3D36 /* NSObject+Utils.m */ = {isa = PBXFileReference; fileEncoding = 4; lastKnownFileType = sourcecode.c.objc; path = "NSObject+Utils.m"; sourceTree = "<group>"; };
		AD61E9C524345FC200FB3D36 /* UIImage+Utils.h */ = {isa = PBXFileReference; fileEncoding = 4; lastKnownFileType = sourcecode.c.h; path = "UIImage+Utils.h"; sourceTree = "<group>"; };
		AD61E9C624345FC200FB3D36 /* UIViewController+Utils.h */ = {isa = PBXFileReference; fileEncoding = 4; lastKnownFileType = sourcecode.c.h; path = "UIViewController+Utils.h"; sourceTree = "<group>"; };
		AD61E9C724345FC200FB3D36 /* UIColor+Utils.m */ = {isa = PBXFileReference; fileEncoding = 4; lastKnownFileType = sourcecode.c.objc; path = "UIColor+Utils.m"; sourceTree = "<group>"; };
		AD61E9C824345FC200FB3D36 /* NSDate+Utils.h */ = {isa = PBXFileReference; fileEncoding = 4; lastKnownFileType = sourcecode.c.h; path = "NSDate+Utils.h"; sourceTree = "<group>"; };
		AD61E9C924345FC200FB3D36 /* UILabel+Utils.m */ = {isa = PBXFileReference; fileEncoding = 4; lastKnownFileType = sourcecode.c.objc; path = "UILabel+Utils.m"; sourceTree = "<group>"; };
		AD61E9CA24345FC200FB3D36 /* UIImage+Resize.h */ = {isa = PBXFileReference; fileEncoding = 4; lastKnownFileType = sourcecode.c.h; path = "UIImage+Resize.h"; sourceTree = "<group>"; };
		AD61E9CB24345FC200FB3D36 /* NSData+AES128.h */ = {isa = PBXFileReference; fileEncoding = 4; lastKnownFileType = sourcecode.c.h; path = "NSData+AES128.h"; sourceTree = "<group>"; };
		AD61E9CC24345FC200FB3D36 /* UIView+Utils.h */ = {isa = PBXFileReference; fileEncoding = 4; lastKnownFileType = sourcecode.c.h; path = "UIView+Utils.h"; sourceTree = "<group>"; };
		AD61E9CD24345FC200FB3D36 /* UIViewController+Utils.m */ = {isa = PBXFileReference; fileEncoding = 4; lastKnownFileType = sourcecode.c.objc; path = "UIViewController+Utils.m"; sourceTree = "<group>"; };
		AD61E9CE24345FC200FB3D36 /* UIImage+Utils.m */ = {isa = PBXFileReference; fileEncoding = 4; lastKnownFileType = sourcecode.c.objc; path = "UIImage+Utils.m"; sourceTree = "<group>"; };
		AD61E9CF24345FC200FB3D36 /* NSString+Utils.m */ = {isa = PBXFileReference; fileEncoding = 4; lastKnownFileType = sourcecode.c.objc; path = "NSString+Utils.m"; sourceTree = "<group>"; };
		AD61E9D024345FC200FB3D36 /* NSObject+Utils.h */ = {isa = PBXFileReference; fileEncoding = 4; lastKnownFileType = sourcecode.c.h; path = "NSObject+Utils.h"; sourceTree = "<group>"; };
		AD61E9D124345FC200FB3D36 /* UILabel+Utils.h */ = {isa = PBXFileReference; fileEncoding = 4; lastKnownFileType = sourcecode.c.h; path = "UILabel+Utils.h"; sourceTree = "<group>"; };
		AD61E9D224345FC200FB3D36 /* NSDate+Utils.m */ = {isa = PBXFileReference; fileEncoding = 4; lastKnownFileType = sourcecode.c.objc; path = "NSDate+Utils.m"; sourceTree = "<group>"; };
		AD61E9D324345FC200FB3D36 /* UIColor+Utils.h */ = {isa = PBXFileReference; fileEncoding = 4; lastKnownFileType = sourcecode.c.h; path = "UIColor+Utils.h"; sourceTree = "<group>"; };
		AD61E9D424345FC200FB3D36 /* UIImage+Resize.m */ = {isa = PBXFileReference; fileEncoding = 4; lastKnownFileType = sourcecode.c.objc; path = "UIImage+Resize.m"; sourceTree = "<group>"; };
		AD61E9D524345FC200FB3D36 /* NSData+AES128.m */ = {isa = PBXFileReference; fileEncoding = 4; lastKnownFileType = sourcecode.c.objc; path = "NSData+AES128.m"; sourceTree = "<group>"; };
		AD61E9F72434608A00FB3D36 /* Macro.h */ = {isa = PBXFileReference; fileEncoding = 4; lastKnownFileType = sourcecode.c.h; path = Macro.h; sourceTree = "<group>"; };
		AD61E9F82434608A00FB3D36 /* AppMacro.h */ = {isa = PBXFileReference; fileEncoding = 4; lastKnownFileType = sourcecode.c.h; path = AppMacro.h; sourceTree = "<group>"; };
		AD61E9F92434608A00FB3D36 /* AppRouterDefined.h */ = {isa = PBXFileReference; fileEncoding = 4; lastKnownFileType = sourcecode.c.h; path = AppRouterDefined.h; sourceTree = "<group>"; };
		AD61E9FA2434608A00FB3D36 /* AppServerMacro.h */ = {isa = PBXFileReference; fileEncoding = 4; lastKnownFileType = sourcecode.c.h; path = AppServerMacro.h; sourceTree = "<group>"; };
		AD61E9FC243460B700FB3D36 /* WebRouter.h */ = {isa = PBXFileReference; fileEncoding = 4; lastKnownFileType = sourcecode.c.h; path = WebRouter.h; sourceTree = "<group>"; };
		AD61E9FE243460B700FB3D36 /* RouterHandler.m */ = {isa = PBXFileReference; fileEncoding = 4; lastKnownFileType = sourcecode.c.objc; path = RouterHandler.m; sourceTree = "<group>"; };
		AD61EA01243460B700FB3D36 /* RouterHandler.h */ = {isa = PBXFileReference; fileEncoding = 4; lastKnownFileType = sourcecode.c.h; path = RouterHandler.h; sourceTree = "<group>"; };
		AD61EA03243460B700FB3D36 /* WebRouter.m */ = {isa = PBXFileReference; fileEncoding = 4; lastKnownFileType = sourcecode.c.objc; path = WebRouter.m; sourceTree = "<group>"; };
		AD61EA0D2434624E00FB3D36 /* ToastView.m */ = {isa = PBXFileReference; fileEncoding = 4; lastKnownFileType = sourcecode.c.objc; path = ToastView.m; sourceTree = "<group>"; };
		AD61EA0E2434624E00FB3D36 /* VerticalButton.h */ = {isa = PBXFileReference; fileEncoding = 4; lastKnownFileType = sourcecode.c.h; path = VerticalButton.h; sourceTree = "<group>"; };
		AD61EA0F2434624E00FB3D36 /* LineTitleView.h */ = {isa = PBXFileReference; fileEncoding = 4; lastKnownFileType = sourcecode.c.h; path = LineTitleView.h; sourceTree = "<group>"; };
		AD61EA112434624E00FB3D36 /* ConfirmView.m */ = {isa = PBXFileReference; fileEncoding = 4; lastKnownFileType = sourcecode.c.objc; path = ConfirmView.m; sourceTree = "<group>"; };
		AD61EA122434624F00FB3D36 /* ComboxPickerView.m */ = {isa = PBXFileReference; fileEncoding = 4; lastKnownFileType = sourcecode.c.objc; path = ComboxPickerView.m; sourceTree = "<group>"; };
		AD61EA132434624F00FB3D36 /* DottedLineView.m */ = {isa = PBXFileReference; fileEncoding = 4; lastKnownFileType = sourcecode.c.objc; path = DottedLineView.m; sourceTree = "<group>"; };
		AD61EA142434624F00FB3D36 /* PlaceholderTextView.m */ = {isa = PBXFileReference; fileEncoding = 4; lastKnownFileType = sourcecode.c.objc; path = PlaceholderTextView.m; sourceTree = "<group>"; };
		AD61EA152434624F00FB3D36 /* LineTitleView.m */ = {isa = PBXFileReference; fileEncoding = 4; lastKnownFileType = sourcecode.c.objc; path = LineTitleView.m; sourceTree = "<group>"; };
		AD61EA182434624F00FB3D36 /* BaseView.m */ = {isa = PBXFileReference; fileEncoding = 4; lastKnownFileType = sourcecode.c.objc; path = BaseView.m; sourceTree = "<group>"; };
		AD61EA192434624F00FB3D36 /* PlaceholderTextView.h */ = {isa = PBXFileReference; fileEncoding = 4; lastKnownFileType = sourcecode.c.h; path = PlaceholderTextView.h; sourceTree = "<group>"; };
		AD61EA1A2434624F00FB3D36 /* DottedLineView.h */ = {isa = PBXFileReference; fileEncoding = 4; lastKnownFileType = sourcecode.c.h; path = DottedLineView.h; sourceTree = "<group>"; };
		AD61EA1B2434624F00FB3D36 /* BaseView.h */ = {isa = PBXFileReference; fileEncoding = 4; lastKnownFileType = sourcecode.c.h; path = BaseView.h; sourceTree = "<group>"; };
		AD61EA1C2434624F00FB3D36 /* BaseTableView.m */ = {isa = PBXFileReference; fileEncoding = 4; lastKnownFileType = sourcecode.c.objc; path = BaseTableView.m; sourceTree = "<group>"; };
		AD61EA1D2434625000FB3D36 /* BaseTableView.h */ = {isa = PBXFileReference; fileEncoding = 4; lastKnownFileType = sourcecode.c.h; path = BaseTableView.h; sourceTree = "<group>"; };
		AD61EA202434625000FB3D36 /* VerticalButton.m */ = {isa = PBXFileReference; fileEncoding = 4; lastKnownFileType = sourcecode.c.objc; path = VerticalButton.m; sourceTree = "<group>"; };
		AD61EA212434625000FB3D36 /* ConfirmView.h */ = {isa = PBXFileReference; fileEncoding = 4; lastKnownFileType = sourcecode.c.h; path = ConfirmView.h; sourceTree = "<group>"; };
		AD61EA222434625000FB3D36 /* ComboxPickerView.h */ = {isa = PBXFileReference; fileEncoding = 4; lastKnownFileType = sourcecode.c.h; path = ComboxPickerView.h; sourceTree = "<group>"; };
		AD61EA2F2434682500FB3D36 /* ToastView.h */ = {isa = PBXFileReference; fileEncoding = 4; lastKnownFileType = sourcecode.c.h; path = ToastView.h; sourceTree = "<group>"; };
		AD61EA3024346B5C00FB3D36 /* HomeViewController.h */ = {isa = PBXFileReference; lastKnownFileType = sourcecode.c.h; path = HomeViewController.h; sourceTree = "<group>"; };
		AD61EA3124346B5C00FB3D36 /* HomeViewController.m */ = {isa = PBXFileReference; lastKnownFileType = sourcecode.c.objc; path = HomeViewController.m; sourceTree = "<group>"; };
		AD61EA3324346B8800FB3D36 /* HomeLayout.h */ = {isa = PBXFileReference; lastKnownFileType = sourcecode.c.h; path = HomeLayout.h; sourceTree = "<group>"; };
		AD61EA3424346B8800FB3D36 /* HomeLayout.m */ = {isa = PBXFileReference; lastKnownFileType = sourcecode.c.objc; path = HomeLayout.m; sourceTree = "<group>"; };
		AD61EA3924346C4A00FB3D36 /* DeviceManger.m */ = {isa = PBXFileReference; fileEncoding = 4; lastKnownFileType = sourcecode.c.objc; path = DeviceManger.m; sourceTree = "<group>"; };
		AD61EA3A24346C4A00FB3D36 /* DeviceManger.h */ = {isa = PBXFileReference; fileEncoding = 4; lastKnownFileType = sourcecode.c.h; path = DeviceManger.h; sourceTree = "<group>"; };
		AD61EA3C24346C6600FB3D36 /* DeviceInfo.m */ = {isa = PBXFileReference; fileEncoding = 4; lastKnownFileType = sourcecode.c.objc; path = DeviceInfo.m; sourceTree = "<group>"; };
		AD61EA3D24346C6700FB3D36 /* DeviceInfo.h */ = {isa = PBXFileReference; fileEncoding = 4; lastKnownFileType = sourcecode.c.h; path = DeviceInfo.h; sourceTree = "<group>"; };
		AD61EA3F24347E6700FB3D36 /* AutoCheckViewController.h */ = {isa = PBXFileReference; lastKnownFileType = sourcecode.c.h; path = AutoCheckViewController.h; sourceTree = "<group>"; };
		AD61EA4024347E6700FB3D36 /* AutoCheckViewController.m */ = {isa = PBXFileReference; lastKnownFileType = sourcecode.c.objc; path = AutoCheckViewController.m; sourceTree = "<group>"; };
		AD61EA4224347ED400FB3D36 /* AutoCheckLayout.h */ = {isa = PBXFileReference; lastKnownFileType = sourcecode.c.h; path = AutoCheckLayout.h; sourceTree = "<group>"; };
		AD61EA4324347ED400FB3D36 /* AutoCheckLayout.m */ = {isa = PBXFileReference; lastKnownFileType = sourcecode.c.objc; path = AutoCheckLayout.m; sourceTree = "<group>"; };
		AD61EA45243481B100FB3D36 /* AutoCheckModel.h */ = {isa = PBXFileReference; lastKnownFileType = sourcecode.c.h; path = AutoCheckModel.h; sourceTree = "<group>"; };
		AD61EA46243481B100FB3D36 /* AutoCheckModel.m */ = {isa = PBXFileReference; lastKnownFileType = sourcecode.c.objc; path = AutoCheckModel.m; sourceTree = "<group>"; };
		AD61EA4824348A9200FB3D36 /* AutoCheckItemModel.h */ = {isa = PBXFileReference; lastKnownFileType = sourcecode.c.h; path = AutoCheckItemModel.h; sourceTree = "<group>"; };
		AD61EA4924348A9200FB3D36 /* AutoCheckItemModel.m */ = {isa = PBXFileReference; lastKnownFileType = sourcecode.c.objc; path = AutoCheckItemModel.m; sourceTree = "<group>"; };
		AD61EA4B24348C5100FB3D36 /* AutoCheckItemViewCell.h */ = {isa = PBXFileReference; lastKnownFileType = sourcecode.c.h; path = AutoCheckItemViewCell.h; sourceTree = "<group>"; };
		AD61EA4C24348C5100FB3D36 /* AutoCheckItemViewCell.m */ = {isa = PBXFileReference; lastKnownFileType = sourcecode.c.objc; path = AutoCheckItemViewCell.m; sourceTree = "<group>"; };
		AD61EA4E24348CC700FB3D36 /* AutoCheckItemLayout.h */ = {isa = PBXFileReference; lastKnownFileType = sourcecode.c.h; path = AutoCheckItemLayout.h; sourceTree = "<group>"; };
		AD61EA4F24348CC700FB3D36 /* AutoCheckItemLayout.m */ = {isa = PBXFileReference; lastKnownFileType = sourcecode.c.objc; path = AutoCheckItemLayout.m; sourceTree = "<group>"; };
		BCDCD9138CDD2CCB9BBEAF36 /* Pods_DeviceInfo.framework */ = {isa = PBXFileReference; explicitFileType = wrapper.framework; includeInIndex = 0; path = Pods_DeviceInfo.framework; sourceTree = BUILT_PRODUCTS_DIR; };
		C2E9D2A18707769749057E78 /* Pods-DeviceInfo.release.xcconfig */ = {isa = PBXFileReference; includeInIndex = 1; lastKnownFileType = text.xcconfig; name = "Pods-DeviceInfo.release.xcconfig"; path = "Target Support Files/Pods-DeviceInfo/Pods-DeviceInfo.release.xcconfig"; sourceTree = "<group>"; };
		DFBBB2B01EE21B120346AE4D /* Pods-DeviceInfo.debug.xcconfig */ = {isa = PBXFileReference; includeInIndex = 1; lastKnownFileType = text.xcconfig; name = "Pods-DeviceInfo.debug.xcconfig"; path = "Target Support Files/Pods-DeviceInfo/Pods-DeviceInfo.debug.xcconfig"; sourceTree = "<group>"; };
/* End PBXFileReference section */

/* Begin PBXFrameworksBuildPhase section */
		AD000B0C23B5DB84000FDD5B /* Frameworks */ = {
			isa = PBXFrameworksBuildPhase;
			buildActionMask = 2147483647;
			files = (
				6E398BCFF6F296ED36D76482 /* Pods_DeviceInfo.framework in Frameworks */,
			);
			runOnlyForDeploymentPostprocessing = 0;
		};
/* End PBXFrameworksBuildPhase section */

/* Begin PBXGroup section */
		37DF2796B1E9AD20E9170AB5 /* Pods */ = {
			isa = PBXGroup;
			children = (
				DFBBB2B01EE21B120346AE4D /* Pods-DeviceInfo.debug.xcconfig */,
				C2E9D2A18707769749057E78 /* Pods-DeviceInfo.release.xcconfig */,
			);
			path = Pods;
			sourceTree = "<group>";
		};
		84EFE68996D7EF6E5CC6CF6F /* Frameworks */ = {
			isa = PBXGroup;
			children = (
				BCDCD9138CDD2CCB9BBEAF36 /* Pods_DeviceInfo.framework */,
			);
			name = Frameworks;
			sourceTree = "<group>";
		};
		AD000B0623B5DB84000FDD5B = {
			isa = PBXGroup;
			children = (
				AD000B1123B5DB84000FDD5B /* DeviceInfo */,
				AD000B1023B5DB84000FDD5B /* Products */,
				37DF2796B1E9AD20E9170AB5 /* Pods */,
				84EFE68996D7EF6E5CC6CF6F /* Frameworks */,
			);
			sourceTree = "<group>";
		};
		AD000B1023B5DB84000FDD5B /* Products */ = {
			isa = PBXGroup;
			children = (
				AD000B0F23B5DB84000FDD5B /* DeviceInfo.app */,
			);
			name = Products;
			sourceTree = "<group>";
		};
		AD000B1123B5DB84000FDD5B /* DeviceInfo */ = {
			isa = PBXGroup;
			children = (
				AD61E982243437AC00FB3D36 /* Defined */,
				AD61E9FB243460B700FB3D36 /* Router */,
				AD61E98F24345FC200FB3D36 /* General */,
				AD61E980243437AC00FB3D36 /* Controllers */,
				AD000B1223B5DB84000FDD5B /* AppDelegate.h */,
				AD000B1323B5DB84000FDD5B /* AppDelegate.m */,
				AD000B1B23B5DB84000FDD5B /* Main.storyboard */,
				AD000B1E23B5DB86000FDD5B /* Assets.xcassets */,
				AD000B2023B5DB86000FDD5B /* LaunchScreen.storyboard */,
				AD000B2323B5DB86000FDD5B /* Info.plist */,
				AD000B2423B5DB86000FDD5B /* main.m */,
				AD61E9832434390B00FB3D36 /* PrefixHeader.pch */,
			);
			path = DeviceInfo;
			sourceTree = "<group>";
		};
		AD61E980243437AC00FB3D36 /* Controllers */ = {
			isa = PBXGroup;
			children = (
				AD61E981243437AC00FB3D36 /* Home */,
				AD61E984243446DE00FB3D36 /* Auto */,
			);
			path = Controllers;
			sourceTree = "<group>";
		};
		AD61E981243437AC00FB3D36 /* Home */ = {
			isa = PBXGroup;
			children = (
				AD61E9892434472100FB3D36 /* Controller */,
				AD61E9852434472100FB3D36 /* Layout */,
				AD61E9862434472100FB3D36 /* Model */,
				AD61E9882434472100FB3D36 /* Request */,
				AD61E9872434472100FB3D36 /* View */,
			);
			path = Home;
			sourceTree = "<group>";
		};
		AD61E982243437AC00FB3D36 /* Defined */ = {
			isa = PBXGroup;
			children = (
				AD61E9F82434608A00FB3D36 /* AppMacro.h */,
				AD61E9F92434608A00FB3D36 /* AppRouterDefined.h */,
				AD61E9FA2434608A00FB3D36 /* AppServerMacro.h */,
				AD61E9F72434608A00FB3D36 /* Macro.h */,
			);
			path = Defined;
			sourceTree = "<group>";
		};
		AD61E984243446DE00FB3D36 /* Auto */ = {
			isa = PBXGroup;
			children = (
				AD61E98B2434472A00FB3D36 /* Controller */,
				AD61E98E2434472A00FB3D36 /* Layout */,
				AD61E98A2434472A00FB3D36 /* Model */,
				AD61E98D2434472A00FB3D36 /* Request */,
				AD61E98C2434472A00FB3D36 /* View */,
			);
			path = Auto;
			sourceTree = "<group>";
		};
		AD61E9852434472100FB3D36 /* Layout */ = {
			isa = PBXGroup;
			children = (
				AD61EA3324346B8800FB3D36 /* HomeLayout.h */,
				AD61EA3424346B8800FB3D36 /* HomeLayout.m */,
			);
			path = Layout;
			sourceTree = "<group>";
		};
		AD61E9862434472100FB3D36 /* Model */ = {
			isa = PBXGroup;
			children = (
				AD61EA3D24346C6700FB3D36 /* DeviceInfo.h */,
				AD61EA3C24346C6600FB3D36 /* DeviceInfo.m */,
			);
			path = Model;
			sourceTree = "<group>";
		};
		AD61E9872434472100FB3D36 /* View */ = {
			isa = PBXGroup;
			children = (
			);
			path = View;
			sourceTree = "<group>";
		};
		AD61E9882434472100FB3D36 /* Request */ = {
			isa = PBXGroup;
			children = (
			);
			path = Request;
			sourceTree = "<group>";
		};
		AD61E9892434472100FB3D36 /* Controller */ = {
			isa = PBXGroup;
			children = (
				AD61EA3024346B5C00FB3D36 /* HomeViewController.h */,
				AD61EA3124346B5C00FB3D36 /* HomeViewController.m */,
			);
			path = Controller;
			sourceTree = "<group>";
		};
		AD61E98A2434472A00FB3D36 /* Model */ = {
			isa = PBXGroup;
			children = (
				AD61EA45243481B100FB3D36 /* AutoCheckModel.h */,
				AD61EA46243481B100FB3D36 /* AutoCheckModel.m */,
				AD61EA4824348A9200FB3D36 /* AutoCheckItemModel.h */,
				AD61EA4924348A9200FB3D36 /* AutoCheckItemModel.m */,
			);
			path = Model;
			sourceTree = "<group>";
		};
		AD61E98B2434472A00FB3D36 /* Controller */ = {
			isa = PBXGroup;
			children = (
				AD61EA3F24347E6700FB3D36 /* AutoCheckViewController.h */,
				AD61EA4024347E6700FB3D36 /* AutoCheckViewController.m */,
			);
			path = Controller;
			sourceTree = "<group>";
		};
		AD61E98C2434472A00FB3D36 /* View */ = {
			isa = PBXGroup;
			children = (
				AD61EA4B24348C5100FB3D36 /* AutoCheckItemViewCell.h */,
				AD61EA4C24348C5100FB3D36 /* AutoCheckItemViewCell.m */,
			);
			path = View;
			sourceTree = "<group>";
		};
		AD61E98D2434472A00FB3D36 /* Request */ = {
			isa = PBXGroup;
			children = (
			);
			path = Request;
			sourceTree = "<group>";
		};
		AD61E98E2434472A00FB3D36 /* Layout */ = {
			isa = PBXGroup;
			children = (
				AD61EA4224347ED400FB3D36 /* AutoCheckLayout.h */,
				AD61EA4324347ED400FB3D36 /* AutoCheckLayout.m */,
				AD61EA4E24348CC700FB3D36 /* AutoCheckItemLayout.h */,
				AD61EA4F24348CC700FB3D36 /* AutoCheckItemLayout.m */,
			);
			path = Layout;
			sourceTree = "<group>";
		};
		AD61E98F24345FC200FB3D36 /* General */ = {
			isa = PBXGroup;
			children = (
				AD61E99024345FC200FB3D36 /* BaseVC */,
				AD61E99924345FC200FB3D36 /* Manager */,
				AD61E9A424345FC200FB3D36 /* Views */,
				AD61E9C124345FC200FB3D36 /* Categories */,
			);
			path = General;
			sourceTree = "<group>";
		};
		AD61E99024345FC200FB3D36 /* BaseVC */ = {
			isa = PBXGroup;
			children = (
				AD61E99824345FC200FB3D36 /* BaseViewController.h */,
				AD61E99324345FC200FB3D36 /* BaseViewController.m */,
				AD61E99724345FC200FB3D36 /* BaseNavigationController.h */,
				AD61E99424345FC200FB3D36 /* BaseNavigationController.m */,
				AD61E99524345FC200FB3D36 /* BaseWebViewController.h */,
				AD61E99124345FC200FB3D36 /* BaseWebViewController.m */,
				AD61E99624345FC200FB3D36 /* BaseTableViewController.h */,
				AD61E99224345FC200FB3D36 /* BaseTableViewController.m */,
			);
			path = BaseVC;
			sourceTree = "<group>";
		};
		AD61E99924345FC200FB3D36 /* Manager */ = {
			isa = PBXGroup;
			children = (
				AD61E99C24345FC200FB3D36 /* HUD.h */,
				AD61E9A024345FC200FB3D36 /* HUD.m */,
				AD61E9A224345FC200FB3D36 /* CacheManager.m */,
				AD61E99A24345FC200FB3D36 /* CacheManager.h */,
				AD61E99D24345FC200FB3D36 /* SystemManager.h */,
				AD61E99F24345FC200FB3D36 /* SystemManager.m */,
				AD61E9A324345FC200FB3D36 /* PreviewManager.h */,
				AD61E99E24345FC200FB3D36 /* PreviewManager.m */,
				AD61EA3A24346C4A00FB3D36 /* DeviceManger.h */,
				AD61EA3924346C4A00FB3D36 /* DeviceManger.m */,
			);
			path = Manager;
			sourceTree = "<group>";
		};
		AD61E9A424345FC200FB3D36 /* Views */ = {
			isa = PBXGroup;
			children = (
				AD61EA1D2434625000FB3D36 /* BaseTableView.h */,
				AD61EA1C2434624F00FB3D36 /* BaseTableView.m */,
				AD61EA1B2434624F00FB3D36 /* BaseView.h */,
				AD61EA182434624F00FB3D36 /* BaseView.m */,
				AD61EA222434625000FB3D36 /* ComboxPickerView.h */,
				AD61EA122434624F00FB3D36 /* ComboxPickerView.m */,
				AD61EA212434625000FB3D36 /* ConfirmView.h */,
				AD61EA112434624E00FB3D36 /* ConfirmView.m */,
				AD61EA1A2434624F00FB3D36 /* DottedLineView.h */,
				AD61EA132434624F00FB3D36 /* DottedLineView.m */,
				AD61EA0F2434624E00FB3D36 /* LineTitleView.h */,
				AD61EA152434624F00FB3D36 /* LineTitleView.m */,
				AD61EA192434624F00FB3D36 /* PlaceholderTextView.h */,
				AD61EA142434624F00FB3D36 /* PlaceholderTextView.m */,
				AD61EA2F2434682500FB3D36 /* ToastView.h */,
				AD61EA0D2434624E00FB3D36 /* ToastView.m */,
				AD61EA0E2434624E00FB3D36 /* VerticalButton.h */,
				AD61EA202434625000FB3D36 /* VerticalButton.m */,
			);
			path = Views;
			sourceTree = "<group>";
		};
		AD61E9C124345FC200FB3D36 /* Categories */ = {
			isa = PBXGroup;
			children = (
				AD61E9C224345FC200FB3D36 /* UIView+Utils.m */,
				AD61E9C324345FC200FB3D36 /* NSString+Utils.h */,
				AD61E9C424345FC200FB3D36 /* NSObject+Utils.m */,
				AD61E9C524345FC200FB3D36 /* UIImage+Utils.h */,
				AD61E9C624345FC200FB3D36 /* UIViewController+Utils.h */,
				AD61E9C724345FC200FB3D36 /* UIColor+Utils.m */,
				AD61E9C824345FC200FB3D36 /* NSDate+Utils.h */,
				AD61E9C924345FC200FB3D36 /* UILabel+Utils.m */,
				AD61E9CA24345FC200FB3D36 /* UIImage+Resize.h */,
				AD61E9CB24345FC200FB3D36 /* NSData+AES128.h */,
				AD61E9CC24345FC200FB3D36 /* UIView+Utils.h */,
				AD61E9CD24345FC200FB3D36 /* UIViewController+Utils.m */,
				AD61E9CE24345FC200FB3D36 /* UIImage+Utils.m */,
				AD61E9CF24345FC200FB3D36 /* NSString+Utils.m */,
				AD61E9D024345FC200FB3D36 /* NSObject+Utils.h */,
				AD61E9D124345FC200FB3D36 /* UILabel+Utils.h */,
				AD61E9D224345FC200FB3D36 /* NSDate+Utils.m */,
				AD61E9D324345FC200FB3D36 /* UIColor+Utils.h */,
				AD61E9D424345FC200FB3D36 /* UIImage+Resize.m */,
				AD61E9D524345FC200FB3D36 /* NSData+AES128.m */,
			);
			path = Categories;
			sourceTree = "<group>";
		};
		AD61E9FB243460B700FB3D36 /* Router */ = {
			isa = PBXGroup;
			children = (
				AD61EA01243460B700FB3D36 /* RouterHandler.h */,
				AD61E9FE243460B700FB3D36 /* RouterHandler.m */,
				AD61E9FC243460B700FB3D36 /* WebRouter.h */,
				AD61EA03243460B700FB3D36 /* WebRouter.m */,
			);
			path = Router;
			sourceTree = "<group>";
		};
/* End PBXGroup section */

/* Begin PBXNativeTarget section */
		AD000B0E23B5DB84000FDD5B /* DeviceInfo */ = {
			isa = PBXNativeTarget;
			buildConfigurationList = AD000B2823B5DB86000FDD5B /* Build configuration list for PBXNativeTarget "DeviceInfo" */;
			buildPhases = (
				8920B608A6AB557B87B4FFB3 /* [CP] Check Pods Manifest.lock */,
				AD000B0B23B5DB84000FDD5B /* Sources */,
				AD000B0C23B5DB84000FDD5B /* Frameworks */,
				AD000B0D23B5DB84000FDD5B /* Resources */,
				5D535538BC7851ED26ACC52A /* [CP] Embed Pods Frameworks */,
			);
			buildRules = (
			);
			dependencies = (
			);
			name = DeviceInfo;
			productName = DeviceInfo;
			productReference = AD000B0F23B5DB84000FDD5B /* DeviceInfo.app */;
			productType = "com.apple.product-type.application";
		};
/* End PBXNativeTarget section */

/* Begin PBXProject section */
		AD000B0723B5DB84000FDD5B /* Project object */ = {
			isa = PBXProject;
			attributes = {
				LastUpgradeCheck = 1100;
				ORGANIZATIONNAME = gejiangs;
				TargetAttributes = {
					AD000B0E23B5DB84000FDD5B = {
						CreatedOnToolsVersion = 11.0;
					};
				};
			};
			buildConfigurationList = AD000B0A23B5DB84000FDD5B /* Build configuration list for PBXProject "DeviceInfo" */;
			compatibilityVersion = "Xcode 9.3";
			developmentRegion = en;
			hasScannedForEncodings = 0;
			knownRegions = (
				en,
				Base,
			);
			mainGroup = AD000B0623B5DB84000FDD5B;
			productRefGroup = AD000B1023B5DB84000FDD5B /* Products */;
			projectDirPath = "";
			projectRoot = "";
			targets = (
				AD000B0E23B5DB84000FDD5B /* DeviceInfo */,
			);
		};
/* End PBXProject section */

/* Begin PBXResourcesBuildPhase section */
		AD000B0D23B5DB84000FDD5B /* Resources */ = {
			isa = PBXResourcesBuildPhase;
			buildActionMask = 2147483647;
			files = (
				AD000B2223B5DB86000FDD5B /* LaunchScreen.storyboard in Resources */,
				AD000B1F23B5DB86000FDD5B /* Assets.xcassets in Resources */,
				AD000B1D23B5DB84000FDD5B /* Main.storyboard in Resources */,
			);
			runOnlyForDeploymentPostprocessing = 0;
		};
/* End PBXResourcesBuildPhase section */

/* Begin PBXShellScriptBuildPhase section */
		5D535538BC7851ED26ACC52A /* [CP] Embed Pods Frameworks */ = {
			isa = PBXShellScriptBuildPhase;
			buildActionMask = 2147483647;
			files = (
			);
			inputFileListPaths = (
				"${PODS_ROOT}/Target Support Files/Pods-DeviceInfo/Pods-DeviceInfo-frameworks-${CONFIGURATION}-input-files.xcfilelist",
			);
			name = "[CP] Embed Pods Frameworks";
			outputFileListPaths = (
				"${PODS_ROOT}/Target Support Files/Pods-DeviceInfo/Pods-DeviceInfo-frameworks-${CONFIGURATION}-output-files.xcfilelist",
			);
			runOnlyForDeploymentPostprocessing = 0;
			shellPath = /bin/sh;
			shellScript = "\"${PODS_ROOT}/Target Support Files/Pods-DeviceInfo/Pods-DeviceInfo-frameworks.sh\"\n";
			showEnvVarsInLog = 0;
		};
		8920B608A6AB557B87B4FFB3 /* [CP] Check Pods Manifest.lock */ = {
			isa = PBXShellScriptBuildPhase;
			buildActionMask = 2147483647;
			files = (
			);
			inputFileListPaths = (
			);
			inputPaths = (
				"${PODS_PODFILE_DIR_PATH}/Podfile.lock",
				"${PODS_ROOT}/Manifest.lock",
			);
			name = "[CP] Check Pods Manifest.lock";
			outputFileListPaths = (
			);
			outputPaths = (
				"$(DERIVED_FILE_DIR)/Pods-DeviceInfo-checkManifestLockResult.txt",
			);
			runOnlyForDeploymentPostprocessing = 0;
			shellPath = /bin/sh;
			shellScript = "diff \"${PODS_PODFILE_DIR_PATH}/Podfile.lock\" \"${PODS_ROOT}/Manifest.lock\" > /dev/null\nif [ $? != 0 ] ; then\n    # print error to STDERR\n    echo \"error: The sandbox is not in sync with the Podfile.lock. Run 'pod install' or update your CocoaPods installation.\" >&2\n    exit 1\nfi\n# This output is used by Xcode 'outputs' to avoid re-running this script phase.\necho \"SUCCESS\" > \"${SCRIPT_OUTPUT_FILE_0}\"\n";
			showEnvVarsInLog = 0;
		};
/* End PBXShellScriptBuildPhase section */

/* Begin PBXSourcesBuildPhase section */
		AD000B0B23B5DB84000FDD5B /* Sources */ = {
			isa = PBXSourcesBuildPhase;
			buildActionMask = 2147483647;
			files = (
				AD61EA272434625000FB3D36 /* PlaceholderTextView.m in Sources */,
				AD61E9EF24345FC200FB3D36 /* UIColor+Utils.m in Sources */,
				AD61E9F624345FC200FB3D36 /* NSData+AES128.m in Sources */,
				AD61E9DE24345FC200FB3D36 /* CacheManager.m in Sources */,
				AD61EA232434625000FB3D36 /* ToastView.m in Sources */,
				AD61EA07243460B700FB3D36 /* RouterHandler.m in Sources */,
				AD61EA4424347ED400FB3D36 /* AutoCheckLayout.m in Sources */,
				AD61E9F524345FC200FB3D36 /* UIImage+Resize.m in Sources */,
				AD61E9D824345FC200FB3D36 /* BaseViewController.m in Sources */,
				AD61EA47243481B100FB3D36 /* AutoCheckModel.m in Sources */,
				AD61E9F424345FC200FB3D36 /* NSDate+Utils.m in Sources */,
				AD61E9D624345FC200FB3D36 /* BaseWebViewController.m in Sources */,
				AD61E9D924345FC200FB3D36 /* BaseNavigationController.m in Sources */,
				AD61EA2B2434625000FB3D36 /* BaseTableView.m in Sources */,
				AD61E9EE24345FC200FB3D36 /* NSObject+Utils.m in Sources */,
				AD61EA242434625000FB3D36 /* ConfirmView.m in Sources */,
				AD61EA282434625000FB3D36 /* LineTitleView.m in Sources */,
				AD61E9F124345FC200FB3D36 /* UIViewController+Utils.m in Sources */,
				AD61EA2A2434625000FB3D36 /* BaseView.m in Sources */,
				AD000B1423B5DB84000FDD5B /* AppDelegate.m in Sources */,
				AD61EA3B24346C4A00FB3D36 /* DeviceManger.m in Sources */,
				AD000B2523B5DB86000FDD5B /* main.m in Sources */,
				AD61EA4A24348A9200FB3D36 /* AutoCheckItemModel.m in Sources */,
				AD61EA5024348CC700FB3D36 /* AutoCheckItemLayout.m in Sources */,
				AD61EA262434625000FB3D36 /* DottedLineView.m in Sources */,
				AD61EA3524346B8800FB3D36 /* HomeLayout.m in Sources */,
				AD61EA3E24346C6700FB3D36 /* DeviceInfo.m in Sources */,
				AD61EA3224346B5C00FB3D36 /* HomeViewController.m in Sources */,
				AD61EA4D24348C5100FB3D36 /* AutoCheckItemViewCell.m in Sources */,
				AD61E9ED24345FC200FB3D36 /* UIView+Utils.m in Sources */,
				AD61EA252434625000FB3D36 /* ComboxPickerView.m in Sources */,
				AD61EA4124347E6700FB3D36 /* AutoCheckViewController.m in Sources */,
				AD61E9DA24345FC200FB3D36 /* PreviewManager.m in Sources */,
				AD61EA2E2434625000FB3D36 /* VerticalButton.m in Sources */,
				AD61E9F224345FC200FB3D36 /* UIImage+Utils.m in Sources */,
				AD61E9D724345FC200FB3D36 /* BaseTableViewController.m in Sources */,
				AD61E9F024345FC200FB3D36 /* UILabel+Utils.m in Sources */,
				AD61E9DB24345FC200FB3D36 /* SystemManager.m in Sources */,
				AD61E9F324345FC200FB3D36 /* NSString+Utils.m in Sources */,
				AD61EA09243460B700FB3D36 /* WebRouter.m in Sources */,
				AD61E9DC24345FC200FB3D36 /* HUD.m in Sources */,
			);
			runOnlyForDeploymentPostprocessing = 0;
		};
/* End PBXSourcesBuildPhase section */

/* Begin PBXVariantGroup section */
		AD000B1B23B5DB84000FDD5B /* Main.storyboard */ = {
			isa = PBXVariantGroup;
			children = (
				AD000B1C23B5DB84000FDD5B /* Base */,
			);
			name = Main.storyboard;
			sourceTree = "<group>";
		};
		AD000B2023B5DB86000FDD5B /* LaunchScreen.storyboard */ = {
			isa = PBXVariantGroup;
			children = (
				AD000B2123B5DB86000FDD5B /* Base */,
			);
			name = LaunchScreen.storyboard;
			sourceTree = "<group>";
		};
/* End PBXVariantGroup section */

/* Begin XCBuildConfiguration section */
		AD000B2623B5DB86000FDD5B /* Debug */ = {
			isa = XCBuildConfiguration;
			buildSettings = {
				ALWAYS_SEARCH_USER_PATHS = NO;
				CLANG_ANALYZER_NONNULL = YES;
				CLANG_ANALYZER_NUMBER_OBJECT_CONVERSION = YES_AGGRESSIVE;
				CLANG_CXX_LANGUAGE_STANDARD = "gnu++14";
				CLANG_CXX_LIBRARY = "libc++";
				CLANG_ENABLE_MODULES = YES;
				CLANG_ENABLE_OBJC_ARC = YES;
				CLANG_ENABLE_OBJC_WEAK = YES;
				CLANG_WARN_BLOCK_CAPTURE_AUTORELEASING = YES;
				CLANG_WARN_BOOL_CONVERSION = YES;
				CLANG_WARN_COMMA = YES;
				CLANG_WARN_CONSTANT_CONVERSION = YES;
				CLANG_WARN_DEPRECATED_OBJC_IMPLEMENTATIONS = YES;
				CLANG_WARN_DIRECT_OBJC_ISA_USAGE = YES_ERROR;
				CLANG_WARN_DOCUMENTATION_COMMENTS = YES;
				CLANG_WARN_EMPTY_BODY = YES;
				CLANG_WARN_ENUM_CONVERSION = YES;
				CLANG_WARN_INFINITE_RECURSION = YES;
				CLANG_WARN_INT_CONVERSION = YES;
				CLANG_WARN_NON_LITERAL_NULL_CONVERSION = YES;
				CLANG_WARN_OBJC_IMPLICIT_RETAIN_SELF = YES;
				CLANG_WARN_OBJC_LITERAL_CONVERSION = YES;
				CLANG_WARN_OBJC_ROOT_CLASS = YES_ERROR;
				CLANG_WARN_RANGE_LOOP_ANALYSIS = YES;
				CLANG_WARN_STRICT_PROTOTYPES = YES;
				CLANG_WARN_SUSPICIOUS_MOVE = YES;
				CLANG_WARN_UNGUARDED_AVAILABILITY = YES_AGGRESSIVE;
				CLANG_WARN_UNREACHABLE_CODE = YES;
				CLANG_WARN__DUPLICATE_METHOD_MATCH = YES;
				COPY_PHASE_STRIP = NO;
				DEBUG_INFORMATION_FORMAT = dwarf;
				ENABLE_STRICT_OBJC_MSGSEND = YES;
				ENABLE_TESTABILITY = YES;
				GCC_C_LANGUAGE_STANDARD = gnu11;
				GCC_DYNAMIC_NO_PIC = NO;
				GCC_NO_COMMON_BLOCKS = YES;
				GCC_OPTIMIZATION_LEVEL = 0;
				GCC_PREPROCESSOR_DEFINITIONS = (
					"DEBUG=1",
					"$(inherited)",
				);
				GCC_WARN_64_TO_32_BIT_CONVERSION = YES;
				GCC_WARN_ABOUT_RETURN_TYPE = YES_ERROR;
				GCC_WARN_UNDECLARED_SELECTOR = YES;
				GCC_WARN_UNINITIALIZED_AUTOS = YES_AGGRESSIVE;
				GCC_WARN_UNUSED_FUNCTION = YES;
				GCC_WARN_UNUSED_VARIABLE = YES;
				IPHONEOS_DEPLOYMENT_TARGET = 13.0;
				MTL_ENABLE_DEBUG_INFO = INCLUDE_SOURCE;
				MTL_FAST_MATH = YES;
				ONLY_ACTIVE_ARCH = YES;
				SDKROOT = iphoneos;
			};
			name = Debug;
		};
		AD000B2723B5DB86000FDD5B /* Release */ = {
			isa = XCBuildConfiguration;
			buildSettings = {
				ALWAYS_SEARCH_USER_PATHS = NO;
				CLANG_ANALYZER_NONNULL = YES;
				CLANG_ANALYZER_NUMBER_OBJECT_CONVERSION = YES_AGGRESSIVE;
				CLANG_CXX_LANGUAGE_STANDARD = "gnu++14";
				CLANG_CXX_LIBRARY = "libc++";
				CLANG_ENABLE_MODULES = YES;
				CLANG_ENABLE_OBJC_ARC = YES;
				CLANG_ENABLE_OBJC_WEAK = YES;
				CLANG_WARN_BLOCK_CAPTURE_AUTORELEASING = YES;
				CLANG_WARN_BOOL_CONVERSION = YES;
				CLANG_WARN_COMMA = YES;
				CLANG_WARN_CONSTANT_CONVERSION = YES;
				CLANG_WARN_DEPRECATED_OBJC_IMPLEMENTATIONS = YES;
				CLANG_WARN_DIRECT_OBJC_ISA_USAGE = YES_ERROR;
				CLANG_WARN_DOCUMENTATION_COMMENTS = YES;
				CLANG_WARN_EMPTY_BODY = YES;
				CLANG_WARN_ENUM_CONVERSION = YES;
				CLANG_WARN_INFINITE_RECURSION = YES;
				CLANG_WARN_INT_CONVERSION = YES;
				CLANG_WARN_NON_LITERAL_NULL_CONVERSION = YES;
				CLANG_WARN_OBJC_IMPLICIT_RETAIN_SELF = YES;
				CLANG_WARN_OBJC_LITERAL_CONVERSION = YES;
				CLANG_WARN_OBJC_ROOT_CLASS = YES_ERROR;
				CLANG_WARN_RANGE_LOOP_ANALYSIS = YES;
				CLANG_WARN_STRICT_PROTOTYPES = YES;
				CLANG_WARN_SUSPICIOUS_MOVE = YES;
				CLANG_WARN_UNGUARDED_AVAILABILITY = YES_AGGRESSIVE;
				CLANG_WARN_UNREACHABLE_CODE = YES;
				CLANG_WARN__DUPLICATE_METHOD_MATCH = YES;
				COPY_PHASE_STRIP = NO;
				DEBUG_INFORMATION_FORMAT = "dwarf-with-dsym";
				ENABLE_NS_ASSERTIONS = NO;
				ENABLE_STRICT_OBJC_MSGSEND = YES;
				GCC_C_LANGUAGE_STANDARD = gnu11;
				GCC_NO_COMMON_BLOCKS = YES;
				GCC_WARN_64_TO_32_BIT_CONVERSION = YES;
				GCC_WARN_ABOUT_RETURN_TYPE = YES_ERROR;
				GCC_WARN_UNDECLARED_SELECTOR = YES;
				GCC_WARN_UNINITIALIZED_AUTOS = YES_AGGRESSIVE;
				GCC_WARN_UNUSED_FUNCTION = YES;
				GCC_WARN_UNUSED_VARIABLE = YES;
				IPHONEOS_DEPLOYMENT_TARGET = 13.0;
				MTL_ENABLE_DEBUG_INFO = NO;
				MTL_FAST_MATH = YES;
				SDKROOT = iphoneos;
				VALIDATE_PRODUCT = YES;
			};
			name = Release;
		};
		AD000B2923B5DB86000FDD5B /* Debug */ = {
			isa = XCBuildConfiguration;
			baseConfigurationReference = DFBBB2B01EE21B120346AE4D /* Pods-DeviceInfo.debug.xcconfig */;
			buildSettings = {
				ASSETCATALOG_COMPILER_APPICON_NAME = AppIcon;
				CODE_SIGN_STYLE = Automatic;
				CURRENT_PROJECT_VERSION = 1.0;
				DEVELOPMENT_TEAM = B4VX949QFW;
				GCC_PRECOMPILE_PREFIX_HEADER = YES;
				GCC_PREFIX_HEADER = DeviceInfo/PrefixHeader.pch;
				INFOPLIST_FILE = DeviceInfo/Info.plist;
				IPHONEOS_DEPLOYMENT_TARGET = 10.0;
				LD_RUNPATH_SEARCH_PATHS = (
					"$(inherited)",
					"@executable_path/Frameworks",
				);
				PRODUCT_BUNDLE_IDENTIFIER = com.dacheng.DeviceInfo;
				PRODUCT_NAME = "$(TARGET_NAME)";
				TARGETED_DEVICE_FAMILY = "1,2";
			};
			name = Debug;
		};
		AD000B2A23B5DB86000FDD5B /* Release */ = {
			isa = XCBuildConfiguration;
			baseConfigurationReference = C2E9D2A18707769749057E78 /* Pods-DeviceInfo.release.xcconfig */;
			buildSettings = {
				ASSETCATALOG_COMPILER_APPICON_NAME = AppIcon;
				CODE_SIGN_STYLE = Automatic;
				CURRENT_PROJECT_VERSION = 1.0;
				DEVELOPMENT_TEAM = B4VX949QFW;
				GCC_PRECOMPILE_PREFIX_HEADER = YES;
				GCC_PREFIX_HEADER = DeviceInfo/PrefixHeader.pch;
				INFOPLIST_FILE = DeviceInfo/Info.plist;
				IPHONEOS_DEPLOYMENT_TARGET = 10.0;
				LD_RUNPATH_SEARCH_PATHS = (
					"$(inherited)",
					"@executable_path/Frameworks",
				);
				PRODUCT_BUNDLE_IDENTIFIER = com.dacheng.DeviceInfo;
				PRODUCT_NAME = "$(TARGET_NAME)";
				TARGETED_DEVICE_FAMILY = "1,2";
			};
			name = Release;
		};
/* End XCBuildConfiguration section */

/* Begin XCConfigurationList section */
		AD000B0A23B5DB84000FDD5B /* Build configuration list for PBXProject "DeviceInfo" */ = {
			isa = XCConfigurationList;
			buildConfigurations = (
				AD000B2623B5DB86000FDD5B /* Debug */,
				AD000B2723B5DB86000FDD5B /* Release */,
			);
			defaultConfigurationIsVisible = 0;
			defaultConfigurationName = Release;
		};
		AD000B2823B5DB86000FDD5B /* Build configuration list for PBXNativeTarget "DeviceInfo" */ = {
			isa = XCConfigurationList;
			buildConfigurations = (
				AD000B2923B5DB86000FDD5B /* Debug */,
				AD000B2A23B5DB86000FDD5B /* Release */,
			);
			defaultConfigurationIsVisible = 0;
			defaultConfigurationName = Release;
		};
/* End XCConfigurationList section */
	};
	rootObject = AD000B0723B5DB84000FDD5B /* Project object */;
}
